// !$*UTF8*$!
{
	archiveVersion = 1;
	classes = {
	};
	objectVersion = 56;
	objects = {

/* Begin PBXBuildFile section */
		47D39C3829E118D400A5CF7D /* SwiftChallenge23App.swift in Sources */ = {isa = PBXBuildFile; fileRef = 47D39C3729E118D400A5CF7D /* SwiftChallenge23App.swift */; };
		47D39C3A29E118D400A5CF7D /* ContentView.swift in Sources */ = {isa = PBXBuildFile; fileRef = 47D39C3929E118D400A5CF7D /* ContentView.swift */; };
		47D39C3C29E118D400A5CF7D /* Assets.xcassets in Resources */ = {isa = PBXBuildFile; fileRef = 47D39C3B29E118D400A5CF7D /* Assets.xcassets */; };
		47D39C3F29E118D400A5CF7D /* Preview Assets.xcassets in Resources */ = {isa = PBXBuildFile; fileRef = 47D39C3E29E118D400A5CF7D /* Preview Assets.xcassets */; };
		47D39C4929E118D500A5CF7D /* SwiftChallenge23Tests.swift in Sources */ = {isa = PBXBuildFile; fileRef = 47D39C4829E118D500A5CF7D /* SwiftChallenge23Tests.swift */; };
		47D39C5329E118D500A5CF7D /* SwiftChallenge23UITests.swift in Sources */ = {isa = PBXBuildFile; fileRef = 47D39C5229E118D500A5CF7D /* SwiftChallenge23UITests.swift */; };
		47D39C5529E118D500A5CF7D /* SwiftChallenge23UITestsLaunchTests.swift in Sources */ = {isa = PBXBuildFile; fileRef = 47D39C5429E118D500A5CF7D /* SwiftChallenge23UITestsLaunchTests.swift */; };
		47D39C6329E118F700A5CF7D /* Register.swift in Sources */ = {isa = PBXBuildFile; fileRef = 47D39C6229E118F700A5CF7D /* Register.swift */; };
/* End PBXBuildFile section */

/* Begin PBXContainerItemProxy section */
		47D39C4529E118D500A5CF7D /* PBXContainerItemProxy */ = {
			isa = PBXContainerItemProxy;
			containerPortal = 47D39C2C29E118D300A5CF7D /* Project object */;
			proxyType = 1;
			remoteGlobalIDString = 47D39C3329E118D300A5CF7D;
			remoteInfo = SwiftChallenge23;
		};
		47D39C4F29E118D500A5CF7D /* PBXContainerItemProxy */ = {
			isa = PBXContainerItemProxy;
			containerPortal = 47D39C2C29E118D300A5CF7D /* Project object */;
			proxyType = 1;
			remoteGlobalIDString = 47D39C3329E118D300A5CF7D;
			remoteInfo = SwiftChallenge23;
		};
/* End PBXContainerItemProxy section */

/* Begin PBXFileReference section */
		47D39C3429E118D400A5CF7D /* SwiftChallenge23.app */ = {isa = PBXFileReference; explicitFileType = wrapper.application; includeInIndex = 0; path = SwiftChallenge23.app; sourceTree = BUILT_PRODUCTS_DIR; };
		47D39C3729E118D400A5CF7D /* SwiftChallenge23App.swift */ = {isa = PBXFileReference; lastKnownFileType = sourcecode.swift; path = SwiftChallenge23App.swift; sourceTree = "<group>"; };
		47D39C3929E118D400A5CF7D /* ContentView.swift */ = {isa = PBXFileReference; lastKnownFileType = sourcecode.swift; path = ContentView.swift; sourceTree = "<group>"; };
		47D39C3B29E118D400A5CF7D /* Assets.xcassets */ = {isa = PBXFileReference; lastKnownFileType = folder.assetcatalog; path = Assets.xcassets; sourceTree = "<group>"; };
		47D39C3E29E118D400A5CF7D /* Preview Assets.xcassets */ = {isa = PBXFileReference; lastKnownFileType = folder.assetcatalog; path = "Preview Assets.xcassets"; sourceTree = "<group>"; };
		47D39C4429E118D500A5CF7D /* SwiftChallenge23Tests.xctest */ = {isa = PBXFileReference; explicitFileType = wrapper.cfbundle; includeInIndex = 0; path = SwiftChallenge23Tests.xctest; sourceTree = BUILT_PRODUCTS_DIR; };
		47D39C4829E118D500A5CF7D /* SwiftChallenge23Tests.swift */ = {isa = PBXFileReference; lastKnownFileType = sourcecode.swift; path = SwiftChallenge23Tests.swift; sourceTree = "<group>"; };
		47D39C4E29E118D500A5CF7D /* SwiftChallenge23UITests.xctest */ = {isa = PBXFileReference; explicitFileType = wrapper.cfbundle; includeInIndex = 0; path = SwiftChallenge23UITests.xctest; sourceTree = BUILT_PRODUCTS_DIR; };
		47D39C5229E118D500A5CF7D /* SwiftChallenge23UITests.swift */ = {isa = PBXFileReference; lastKnownFileType = sourcecode.swift; path = SwiftChallenge23UITests.swift; sourceTree = "<group>"; };
		47D39C5429E118D500A5CF7D /* SwiftChallenge23UITestsLaunchTests.swift */ = {isa = PBXFileReference; lastKnownFileType = sourcecode.swift; path = SwiftChallenge23UITestsLaunchTests.swift; sourceTree = "<group>"; };
		47D39C6229E118F700A5CF7D /* Register.swift */ = {isa = PBXFileReference; lastKnownFileType = sourcecode.swift; path = Register.swift; sourceTree = "<group>"; };
/* End PBXFileReference section */

/* Begin PBXFrameworksBuildPhase section */
		47D39C3129E118D300A5CF7D /* Frameworks */ = {
			isa = PBXFrameworksBuildPhase;
			buildActionMask = 2147483647;
			files = (
			);
			runOnlyForDeploymentPostprocessing = 0;
		};
		47D39C4129E118D500A5CF7D /* Frameworks */ = {
			isa = PBXFrameworksBuildPhase;
			buildActionMask = 2147483647;
			files = (
			);
			runOnlyForDeploymentPostprocessing = 0;
		};
		47D39C4B29E118D500A5CF7D /* Frameworks */ = {
			isa = PBXFrameworksBuildPhase;
			buildActionMask = 2147483647;
			files = (
			);
			runOnlyForDeploymentPostprocessing = 0;
		};
/* End PBXFrameworksBuildPhase section */

/* Begin PBXGroup section */
		47D39C2B29E118D300A5CF7D = {
			isa = PBXGroup;
			children = (
				47D39C3629E118D400A5CF7D /* SwiftChallenge23 */,
				47D39C4729E118D500A5CF7D /* SwiftChallenge23Tests */,
				47D39C5129E118D500A5CF7D /* SwiftChallenge23UITests */,
				47D39C3529E118D400A5CF7D /* Products */,
			);
			sourceTree = "<group>";
		};
		47D39C3529E118D400A5CF7D /* Products */ = {
			isa = PBXGroup;
			children = (
				47D39C3429E118D400A5CF7D /* SwiftChallenge23.app */,
				47D39C4429E118D500A5CF7D /* SwiftChallenge23Tests.xctest */,
				47D39C4E29E118D500A5CF7D /* SwiftChallenge23UITests.xctest */,
			);
			name = Products;
			sourceTree = "<group>";
		};
		47D39C3629E118D400A5CF7D /* SwiftChallenge23 */ = {
			isa = PBXGroup;
			children = (
				47D39C3729E118D400A5CF7D /* SwiftChallenge23App.swift */,
				47D39C3929E118D400A5CF7D /* ContentView.swift */,
				47D39C6129E118DF00A5CF7D /* Scheme */,
				47D39C3B29E118D400A5CF7D /* Assets.xcassets */,
				47D39C3D29E118D400A5CF7D /* Preview Content */,
			);
			path = SwiftChallenge23;
			sourceTree = "<group>";
		};
		47D39C3D29E118D400A5CF7D /* Preview Content */ = {
			isa = PBXGroup;
			children = (
				47D39C3E29E118D400A5CF7D /* Preview Assets.xcassets */,
			);
			path = "Preview Content";
			sourceTree = "<group>";
		};
		47D39C4729E118D500A5CF7D /* SwiftChallenge23Tests */ = {
			isa = PBXGroup;
			children = (
				47D39C4829E118D500A5CF7D /* SwiftChallenge23Tests.swift */,
			);
			path = SwiftChallenge23Tests;
			sourceTree = "<group>";
		};
		47D39C5129E118D500A5CF7D /* SwiftChallenge23UITests */ = {
			isa = PBXGroup;
			children = (
				47D39C5229E118D500A5CF7D /* SwiftChallenge23UITests.swift */,
				47D39C5429E118D500A5CF7D /* SwiftChallenge23UITestsLaunchTests.swift */,
			);
			path = SwiftChallenge23UITests;
			sourceTree = "<group>";
		};
		47D39C6129E118DF00A5CF7D /* Scheme */ = {
			isa = PBXGroup;
			children = (
				47D39C6229E118F700A5CF7D /* Register.swift */,
			);
			path = Scheme;
			sourceTree = "<group>";
		};
/* End PBXGroup section */

/* Begin PBXNativeTarget section */
		47D39C3329E118D300A5CF7D /* SwiftChallenge23 */ = {
			isa = PBXNativeTarget;
			buildConfigurationList = 47D39C5829E118D500A5CF7D /* Build configuration list for PBXNativeTarget "SwiftChallenge23" */;
			buildPhases = (
				47D39C3029E118D300A5CF7D /* Sources */,
				47D39C3129E118D300A5CF7D /* Frameworks */,
				47D39C3229E118D300A5CF7D /* Resources */,
			);
			buildRules = (
			);
			dependencies = (
			);
			name = SwiftChallenge23;
			productName = SwiftChallenge23;
			productReference = 47D39C3429E118D400A5CF7D /* SwiftChallenge23.app */;
			productType = "com.apple.product-type.application";
		};
		47D39C4329E118D500A5CF7D /* SwiftChallenge23Tests */ = {
			isa = PBXNativeTarget;
			buildConfigurationList = 47D39C5B29E118D500A5CF7D /* Build configuration list for PBXNativeTarget "SwiftChallenge23Tests" */;
			buildPhases = (
				47D39C4029E118D500A5CF7D /* Sources */,
				47D39C4129E118D500A5CF7D /* Frameworks */,
				47D39C4229E118D500A5CF7D /* Resources */,
			);
			buildRules = (
			);
			dependencies = (
				47D39C4629E118D500A5CF7D /* PBXTargetDependency */,
			);
			name = SwiftChallenge23Tests;
			productName = SwiftChallenge23Tests;
			productReference = 47D39C4429E118D500A5CF7D /* SwiftChallenge23Tests.xctest */;
			productType = "com.apple.product-type.bundle.unit-test";
		};
		47D39C4D29E118D500A5CF7D /* SwiftChallenge23UITests */ = {
			isa = PBXNativeTarget;
			buildConfigurationList = 47D39C5E29E118D500A5CF7D /* Build configuration list for PBXNativeTarget "SwiftChallenge23UITests" */;
			buildPhases = (
				47D39C4A29E118D500A5CF7D /* Sources */,
				47D39C4B29E118D500A5CF7D /* Frameworks */,
				47D39C4C29E118D500A5CF7D /* Resources */,
			);
			buildRules = (
			);
			dependencies = (
				47D39C5029E118D500A5CF7D /* PBXTargetDependency */,
			);
			name = SwiftChallenge23UITests;
			productName = SwiftChallenge23UITests;
			productReference = 47D39C4E29E118D500A5CF7D /* SwiftChallenge23UITests.xctest */;
			productType = "com.apple.product-type.bundle.ui-testing";
		};
/* End PBXNativeTarget section */

/* Begin PBXProject section */
		47D39C2C29E118D300A5CF7D /* Project object */ = {
			isa = PBXProject;
			attributes = {
				BuildIndependentTargetsInParallel = 1;
				LastSwiftUpdateCheck = 1430;
				LastUpgradeCheck = 1430;
				TargetAttributes = {
					47D39C3329E118D300A5CF7D = {
						CreatedOnToolsVersion = 14.3;
					};
					47D39C4329E118D500A5CF7D = {
						CreatedOnToolsVersion = 14.3;
						TestTargetID = 47D39C3329E118D300A5CF7D;
					};
					47D39C4D29E118D500A5CF7D = {
						CreatedOnToolsVersion = 14.3;
						TestTargetID = 47D39C3329E118D300A5CF7D;
					};
				};
			};
			buildConfigurationList = 47D39C2F29E118D300A5CF7D /* Build configuration list for PBXProject "SwiftChallenge23" */;
			compatibilityVersion = "Xcode 14.0";
			developmentRegion = en;
			hasScannedForEncodings = 0;
			knownRegions = (
				en,
				Base,
			);
			mainGroup = 47D39C2B29E118D300A5CF7D;
			productRefGroup = 47D39C3529E118D400A5CF7D /* Products */;
			projectDirPath = "";
			projectRoot = "";
			targets = (
				47D39C3329E118D300A5CF7D /* SwiftChallenge23 */,
				47D39C4329E118D500A5CF7D /* SwiftChallenge23Tests */,
				47D39C4D29E118D500A5CF7D /* SwiftChallenge23UITests */,
			);
		};
/* End PBXProject section */

/* Begin PBXResourcesBuildPhase section */
		47D39C3229E118D300A5CF7D /* Resources */ = {
			isa = PBXResourcesBuildPhase;
			buildActionMask = 2147483647;
			files = (
				47D39C3F29E118D400A5CF7D /* Preview Assets.xcassets in Resources */,
				47D39C3C29E118D400A5CF7D /* Assets.xcassets in Resources */,
			);
			runOnlyForDeploymentPostprocessing = 0;
		};
		47D39C4229E118D500A5CF7D /* Resources */ = {
			isa = PBXResourcesBuildPhase;
			buildActionMask = 2147483647;
			files = (
			);
			runOnlyForDeploymentPostprocessing = 0;
		};
		47D39C4C29E118D500A5CF7D /* Resources */ = {
			isa = PBXResourcesBuildPhase;
			buildActionMask = 2147483647;
			files = (
			);
			runOnlyForDeploymentPostprocessing = 0;
		};
/* End PBXResourcesBuildPhase section */

/* Begin PBXSourcesBuildPhase section */
		47D39C3029E118D300A5CF7D /* Sources */ = {
			isa = PBXSourcesBuildPhase;
			buildActionMask = 2147483647;
			files = (
				47D39C6329E118F700A5CF7D /* Register.swift in Sources */,
				47D39C3A29E118D400A5CF7D /* ContentView.swift in Sources */,
				47D39C3829E118D400A5CF7D /* SwiftChallenge23App.swift in Sources */,
			);
			runOnlyForDeploymentPostprocessing = 0;
		};
		47D39C4029E118D500A5CF7D /* Sources */ = {
			isa = PBXSourcesBuildPhase;
			buildActionMask = 2147483647;
			files = (
				47D39C4929E118D500A5CF7D /* SwiftChallenge23Tests.swift in Sources */,
			);
			runOnlyForDeploymentPostprocessing = 0;
		};
		47D39C4A29E118D500A5CF7D /* Sources */ = {
			isa = PBXSourcesBuildPhase;
			buildActionMask = 2147483647;
			files = (
				47D39C5329E118D500A5CF7D /* SwiftChallenge23UITests.swift in Sources */,
				47D39C5529E118D500A5CF7D /* SwiftChallenge23UITestsLaunchTests.swift in Sources */,
			);
			runOnlyForDeploymentPostprocessing = 0;
		};
/* End PBXSourcesBuildPhase section */

/* Begin PBXTargetDependency section */
		47D39C4629E118D500A5CF7D /* PBXTargetDependency */ = {
			isa = PBXTargetDependency;
			target = 47D39C3329E118D300A5CF7D /* SwiftChallenge23 */;
			targetProxy = 47D39C4529E118D500A5CF7D /* PBXContainerItemProxy */;
		};
		47D39C5029E118D500A5CF7D /* PBXTargetDependency */ = {
			isa = PBXTargetDependency;
			target = 47D39C3329E118D300A5CF7D /* SwiftChallenge23 */;
			targetProxy = 47D39C4F29E118D500A5CF7D /* PBXContainerItemProxy */;
		};
/* End PBXTargetDependency section */

/* Begin XCBuildConfiguration section */
		47D39C5629E118D500A5CF7D /* Debug */ = {
			isa = XCBuildConfiguration;
			buildSettings = {
				ALWAYS_SEARCH_USER_PATHS = NO;
				CLANG_ANALYZER_NONNULL = YES;
				CLANG_ANALYZER_NUMBER_OBJECT_CONVERSION = YES_AGGRESSIVE;
				CLANG_CXX_LANGUAGE_STANDARD = "gnu++20";
				CLANG_ENABLE_MODULES = YES;
				CLANG_ENABLE_OBJC_ARC = YES;
				CLANG_ENABLE_OBJC_WEAK = YES;
				CLANG_WARN_BLOCK_CAPTURE_AUTORELEASING = YES;
				CLANG_WARN_BOOL_CONVERSION = YES;
				CLANG_WARN_COMMA = YES;
				CLANG_WARN_CONSTANT_CONVERSION = YES;
				CLANG_WARN_DEPRECATED_OBJC_IMPLEMENTATIONS = YES;
				CLANG_WARN_DIRECT_OBJC_ISA_USAGE = YES_ERROR;
				CLANG_WARN_DOCUMENTATION_COMMENTS = YES;
				CLANG_WARN_EMPTY_BODY = YES;
				CLANG_WARN_ENUM_CONVERSION = YES;
				CLANG_WARN_INFINITE_RECURSION = YES;
				CLANG_WARN_INT_CONVERSION = YES;
				CLANG_WARN_NON_LITERAL_NULL_CONVERSION = YES;
				CLANG_WARN_OBJC_IMPLICIT_RETAIN_SELF = YES;
				CLANG_WARN_OBJC_LITERAL_CONVERSION = YES;
				CLANG_WARN_OBJC_ROOT_CLASS = YES_ERROR;
				CLANG_WARN_QUOTED_INCLUDE_IN_FRAMEWORK_HEADER = YES;
				CLANG_WARN_RANGE_LOOP_ANALYSIS = YES;
				CLANG_WARN_STRICT_PROTOTYPES = YES;
				CLANG_WARN_SUSPICIOUS_MOVE = YES;
				CLANG_WARN_UNGUARDED_AVAILABILITY = YES_AGGRESSIVE;
				CLANG_WARN_UNREACHABLE_CODE = YES;
				CLANG_WARN__DUPLICATE_METHOD_MATCH = YES;
				COPY_PHASE_STRIP = NO;
				DEBUG_INFORMATION_FORMAT = dwarf;
				ENABLE_STRICT_OBJC_MSGSEND = YES;
				ENABLE_TESTABILITY = YES;
				GCC_C_LANGUAGE_STANDARD = gnu11;
				GCC_DYNAMIC_NO_PIC = NO;
				GCC_NO_COMMON_BLOCKS = YES;
				GCC_OPTIMIZATION_LEVEL = 0;
				GCC_PREPROCESSOR_DEFINITIONS = (
					"DEBUG=1",
					"$(inherited)",
				);
				GCC_WARN_64_TO_32_BIT_CONVERSION = YES;
				GCC_WARN_ABOUT_RETURN_TYPE = YES_ERROR;
				GCC_WARN_UNDECLARED_SELECTOR = YES;
				GCC_WARN_UNINITIALIZED_AUTOS = YES_AGGRESSIVE;
				GCC_WARN_UNUSED_FUNCTION = YES;
				GCC_WARN_UNUSED_VARIABLE = YES;
				IPHONEOS_DEPLOYMENT_TARGET = 16.4;
				MTL_ENABLE_DEBUG_INFO = INCLUDE_SOURCE;
				MTL_FAST_MATH = YES;
				ONLY_ACTIVE_ARCH = YES;
				SDKROOT = iphoneos;
				SWIFT_ACTIVE_COMPILATION_CONDITIONS = DEBUG;
				SWIFT_OPTIMIZATION_LEVEL = "-Onone";
			};
			name = Debug;
		};
		47D39C5729E118D500A5CF7D /* Release */ = {
			isa = XCBuildConfiguration;
			buildSettings = {
				ALWAYS_SEARCH_USER_PATHS = NO;
				CLANG_ANALYZER_NONNULL = YES;
				CLANG_ANALYZER_NUMBER_OBJECT_CONVERSION = YES_AGGRESSIVE;
				CLANG_CXX_LANGUAGE_STANDARD = "gnu++20";
				CLANG_ENABLE_MODULES = YES;
				CLANG_ENABLE_OBJC_ARC = YES;
				CLANG_ENABLE_OBJC_WEAK = YES;
				CLANG_WARN_BLOCK_CAPTURE_AUTORELEASING = YES;
				CLANG_WARN_BOOL_CONVERSION = YES;
				CLANG_WARN_COMMA = YES;
				CLANG_WARN_CONSTANT_CONVERSION = YES;
				CLANG_WARN_DEPRECATED_OBJC_IMPLEMENTATIONS = YES;
				CLANG_WARN_DIRECT_OBJC_ISA_USAGE = YES_ERROR;
				CLANG_WARN_DOCUMENTATION_COMMENTS = YES;
				CLANG_WARN_EMPTY_BODY = YES;
				CLANG_WARN_ENUM_CONVERSION = YES;
				CLANG_WARN_INFINITE_RECURSION = YES;
				CLANG_WARN_INT_CONVERSION = YES;
				CLANG_WARN_NON_LITERAL_NULL_CONVERSION = YES;
				CLANG_WARN_OBJC_IMPLICIT_RETAIN_SELF = YES;
				CLANG_WARN_OBJC_LITERAL_CONVERSION = YES;
				CLANG_WARN_OBJC_ROOT_CLASS = YES_ERROR;
				CLANG_WARN_QUOTED_INCLUDE_IN_FRAMEWORK_HEADER = YES;
				CLANG_WARN_RANGE_LOOP_ANALYSIS = YES;
				CLANG_WARN_STRICT_PROTOTYPES = YES;
				CLANG_WARN_SUSPICIOUS_MOVE = YES;
				CLANG_WARN_UNGUARDED_AVAILABILITY = YES_AGGRESSIVE;
				CLANG_WARN_UNREACHABLE_CODE = YES;
				CLANG_WARN__DUPLICATE_METHOD_MATCH = YES;
				COPY_PHASE_STRIP = NO;
				DEBUG_INFORMATION_FORMAT = "dwarf-with-dsym";
				ENABLE_NS_ASSERTIONS = NO;
				ENABLE_STRICT_OBJC_MSGSEND = YES;
				GCC_C_LANGUAGE_STANDARD = gnu11;
				GCC_NO_COMMON_BLOCKS = YES;
				GCC_WARN_64_TO_32_BIT_CONVERSION = YES;
				GCC_WARN_ABOUT_RETURN_TYPE = YES_ERROR;
				GCC_WARN_UNDECLARED_SELECTOR = YES;
				GCC_WARN_UNINITIALIZED_AUTOS = YES_AGGRESSIVE;
				GCC_WARN_UNUSED_FUNCTION = YES;
				GCC_WARN_UNUSED_VARIABLE = YES;
				IPHONEOS_DEPLOYMENT_TARGET = 16.4;
				MTL_ENABLE_DEBUG_INFO = NO;
				MTL_FAST_MATH = YES;
				SDKROOT = iphoneos;
				SWIFT_COMPILATION_MODE = wholemodule;
				SWIFT_OPTIMIZATION_LEVEL = "-O";
				VALIDATE_PRODUCT = YES;
			};
			name = Release;
		};
		47D39C5929E118D500A5CF7D /* Debug */ = {
			isa = XCBuildConfiguration;
			buildSettings = {
				ASSETCATALOG_COMPILER_APPICON_NAME = AppIcon;
				ASSETCATALOG_COMPILER_GLOBAL_ACCENT_COLOR_NAME = AccentColor;
				CODE_SIGN_STYLE = Automatic;
				CURRENT_PROJECT_VERSION = 1;
				DEVELOPMENT_ASSET_PATHS = "\"SwiftChallenge23/Preview Content\"";
				DEVELOPMENT_TEAM = YL9AB8R8B4;
				ENABLE_PREVIEWS = YES;
				GENERATE_INFOPLIST_FILE = YES;
				INFOPLIST_KEY_UIApplicationSceneManifest_Generation = YES;
				INFOPLIST_KEY_UIApplicationSupportsIndirectInputEvents = YES;
				INFOPLIST_KEY_UILaunchScreen_Generation = YES;
				INFOPLIST_KEY_UISupportedInterfaceOrientations_iPad = "UIInterfaceOrientationPortrait UIInterfaceOrientationPortraitUpsideDown UIInterfaceOrientationLandscapeLeft UIInterfaceOrientationLandscapeRight";
				INFOPLIST_KEY_UISupportedInterfaceOrientations_iPhone = "UIInterfaceOrientationPortrait UIInterfaceOrientationLandscapeLeft UIInterfaceOrientationLandscapeRight";
				LD_RUNPATH_SEARCH_PATHS = (
					"$(inherited)",
					"@executable_path/Frameworks",
				);
				MARKETING_VERSION = 1.0;
				PRODUCT_BUNDLE_IDENTIFIER = macosoft.SwiftChallenge23;
				PRODUCT_NAME = "$(TARGET_NAME)";
				SWIFT_EMIT_LOC_STRINGS = YES;
				SWIFT_VERSION = 5.0;
				TARGETED_DEVICE_FAMILY = "1,2";
			};
			name = Debug;
		};
		47D39C5A29E118D500A5CF7D /* Release */ = {
			isa = XCBuildConfiguration;
			buildSettings = {
				ASSETCATALOG_COMPILER_APPICON_NAME = AppIcon;
				ASSETCATALOG_COMPILER_GLOBAL_ACCENT_COLOR_NAME = AccentColor;
				CODE_SIGN_STYLE = Automatic;
				CURRENT_PROJECT_VERSION = 1;
				DEVELOPMENT_ASSET_PATHS = "\"SwiftChallenge23/Preview Content\"";
				DEVELOPMENT_TEAM = YL9AB8R8B4;
				ENABLE_PREVIEWS = YES;
				GENERATE_INFOPLIST_FILE = YES;
				INFOPLIST_KEY_UIApplicationSceneManifest_Generation = YES;
				INFOPLIST_KEY_UIApplicationSupportsIndirectInputEvents = YES;
				INFOPLIST_KEY_UILaunchScreen_Generation = YES;
				INFOPLIST_KEY_UISupportedInterfaceOrientations_iPad = "UIInterfaceOrientationPortrait UIInterfaceOrientationPortraitUpsideDown UIInterfaceOrientationLandscapeLeft UIInterfaceOrientationLandscapeRight";
				INFOPLIST_KEY_UISupportedInterfaceOrientations_iPhone = "UIInterfaceOrientationPortrait UIInterfaceOrientationLandscapeLeft UIInterfaceOrientationLandscapeRight";
				LD_RUNPATH_SEARCH_PATHS = (
					"$(inherited)",
					"@executable_path/Frameworks",
				);
				MARKETING_VERSION = 1.0;
				PRODUCT_BUNDLE_IDENTIFIER = macosoft.SwiftChallenge23;
				PRODUCT_NAME = "$(TARGET_NAME)";
				SWIFT_EMIT_LOC_STRINGS = YES;
				SWIFT_VERSION = 5.0;
				TARGETED_DEVICE_FAMILY = "1,2";
			};
			name = Release;
		};
		47D39C5C29E118D500A5CF7D /* Debug */ = {
			isa = XCBuildConfiguration;
			buildSettings = {
				ALWAYS_EMBED_SWIFT_STANDARD_LIBRARIES = YES;
				BUNDLE_LOADER = "$(TEST_HOST)";
				CODE_SIGN_STYLE = Automatic;
				CURRENT_PROJECT_VERSION = 1;
				DEVELOPMENT_TEAM = YL9AB8R8B4;
				GENERATE_INFOPLIST_FILE = YES;
				IPHONEOS_DEPLOYMENT_TARGET = 16.4;
				MARKETING_VERSION = 1.0;
				PRODUCT_BUNDLE_IDENTIFIER = macosoft.SwiftChallenge23Tests;
				PRODUCT_NAME = "$(TARGET_NAME)";
				SWIFT_EMIT_LOC_STRINGS = NO;
				SWIFT_VERSION = 5.0;
				TARGETED_DEVICE_FAMILY = "1,2";
				TEST_HOST = "$(BUILT_PRODUCTS_DIR)/SwiftChallenge23.app/$(BUNDLE_EXECUTABLE_FOLDER_PATH)/SwiftChallenge23";
			};
			name = Debug;
		};
		47D39C5D29E118D500A5CF7D /* Release */ = {
			isa = XCBuildConfiguration;
			buildSettings = {
				ALWAYS_EMBED_SWIFT_STANDARD_LIBRARIES = YES;
				BUNDLE_LOADER = "$(TEST_HOST)";
				CODE_SIGN_STYLE = Automatic;
				CURRENT_PROJECT_VERSION = 1;
				DEVELOPMENT_TEAM = YL9AB8R8B4;
				GENERATE_INFOPLIST_FILE = YES;
				IPHONEOS_DEPLOYMENT_TARGET = 16.4;
				MARKETING_VERSION = 1.0;
				PRODUCT_BUNDLE_IDENTIFIER = macosoft.SwiftChallenge23Tests;
				PRODUCT_NAME = "$(TARGET_NAME)";
				SWIFT_EMIT_LOC_STRINGS = NO;
				SWIFT_VERSION = 5.0;
				TARGETED_DEVICE_FAMILY = "1,2";
				TEST_HOST = "$(BUILT_PRODUCTS_DIR)/SwiftChallenge23.app/$(BUNDLE_EXECUTABLE_FOLDER_PATH)/SwiftChallenge23";
			};
			name = Release;
		};
		47D39C5F29E118D500A5CF7D /* Debug */ = {
			isa = XCBuildConfiguration;
			buildSettings = {
				ALWAYS_EMBED_SWIFT_STANDARD_LIBRARIES = YES;
				CODE_SIGN_STYLE = Automatic;
				CURRENT_PROJECT_VERSION = 1;
				DEVELOPMENT_TEAM = YL9AB8R8B4;
				GENERATE_INFOPLIST_FILE = YES;
				MARKETING_VERSION = 1.0;
				PRODUCT_BUNDLE_IDENTIFIER = macosoft.SwiftChallenge23UITests;
				PRODUCT_NAME = "$(TARGET_NAME)";
				SWIFT_EMIT_LOC_STRINGS = NO;
				SWIFT_VERSION = 5.0;
				TARGETED_DEVICE_FAMILY = "1,2";
				TEST_TARGET_NAME = SwiftChallenge23;
			};
			name = Debug;
		};
		47D39C6029E118D500A5CF7D /* Release */ = {
			isa = XCBuildConfiguration;
			buildSettings = {
				ALWAYS_EMBED_SWIFT_STANDARD_LIBRARIES = YES;
				CODE_SIGN_STYLE = Automatic;
				CURRENT_PROJECT_VERSION = 1;
				DEVELOPMENT_TEAM = YL9AB8R8B4;
				GENERATE_INFOPLIST_FILE = YES;
				MARKETING_VERSION = 1.0;
				PRODUCT_BUNDLE_IDENTIFIER = macosoft.SwiftChallenge23UITests;
				PRODUCT_NAME = "$(TARGET_NAME)";
				SWIFT_EMIT_LOC_STRINGS = NO;
				SWIFT_VERSION = 5.0;
				TARGETED_DEVICE_FAMILY = "1,2";
				TEST_TARGET_NAME = SwiftChallenge23;
			};
			name = Release;
		};
/* End XCBuildConfiguration section */

/* Begin XCConfigurationList section */
		47D39C2F29E118D300A5CF7D /* Build configuration list for PBXProject "SwiftChallenge23" */ = {
			isa = XCConfigurationList;
			buildConfigurations = (
				47D39C5629E118D500A5CF7D /* Debug */,
				47D39C5729E118D500A5CF7D /* Release */,
			);
			defaultConfigurationIsVisible = 0;
			defaultConfigurationName = Release;
		};
		47D39C5829E118D500A5CF7D /* Build configuration list for PBXNativeTarget "SwiftChallenge23" */ = {
			isa = XCConfigurationList;
			buildConfigurations = (
				47D39C5929E118D500A5CF7D /* Debug */,
				47D39C5A29E118D500A5CF7D /* Release */,
			);
			defaultConfigurationIsVisible = 0;
			defaultConfigurationName = Release;
		};
		47D39C5B29E118D500A5CF7D /* Build configuration list for PBXNativeTarget "SwiftChallenge23Tests" */ = {
			isa = XCConfigurationList;
			buildConfigurations = (
				47D39C5C29E118D500A5CF7D /* Debug */,
				47D39C5D29E118D500A5CF7D /* Release */,
			);
			defaultConfigurationIsVisible = 0;
			defaultConfigurationName = Release;
		};
		47D39C5E29E118D500A5CF7D /* Build configuration list for PBXNativeTarget "SwiftChallenge23UITests" */ = {
			isa = XCConfigurationList;
			buildConfigurations = (
				47D39C5F29E118D500A5CF7D /* Debug */,
				47D39C6029E118D500A5CF7D /* Release */,
			);
			defaultConfigurationIsVisible = 0;
			defaultConfigurationName = Release;
		};
/* End XCConfigurationList section */
	};
	rootObject = 47D39C2C29E118D300A5CF7D /* Project object */;
}
